// !$*UTF8*$!
{
	archiveVersion = 1;
	classes = {
	};
	objectVersion = 50;
	objects = {

/* Begin PBXBuildFile section */
		1825E38A22A25FF300107F32 /* ViewHolderController.swift in Sources */ = {isa = PBXBuildFile; fileRef = 1825E38922A25FF300107F32 /* ViewHolderController.swift */; };
		1825E38C22A2604D00107F32 /* Temp.swift in Sources */ = {isa = PBXBuildFile; fileRef = 1825E38B22A2604D00107F32 /* Temp.swift */; };
		188B289722A10E6B0087D35D /* AppDelegate.swift in Sources */ = {isa = PBXBuildFile; fileRef = 188B289622A10E6B0087D35D /* AppDelegate.swift */; };
		188B289922A10E6B0087D35D /* ViewController.swift in Sources */ = {isa = PBXBuildFile; fileRef = 188B289822A10E6B0087D35D /* ViewController.swift */; };
		188B289C22A10E6B0087D35D /* Main.storyboard in Resources */ = {isa = PBXBuildFile; fileRef = 188B289A22A10E6B0087D35D /* Main.storyboard */; };
		188B289E22A10E6C0087D35D /* Assets.xcassets in Resources */ = {isa = PBXBuildFile; fileRef = 188B289D22A10E6C0087D35D /* Assets.xcassets */; };
		188B28A122A10E6C0087D35D /* LaunchScreen.storyboard in Resources */ = {isa = PBXBuildFile; fileRef = 188B289F22A10E6C0087D35D /* LaunchScreen.storyboard */; };
		188B28A922A110010087D35D /* Capital.swift in Sources */ = {isa = PBXBuildFile; fileRef = 188B28A822A110010087D35D /* Capital.swift */; };
/* End PBXBuildFile section */

/* Begin PBXFileReference section */
		1825E38922A25FF300107F32 /* ViewHolderController.swift */ = {isa = PBXFileReference; lastKnownFileType = sourcecode.swift; path = ViewHolderController.swift; sourceTree = "<group>"; };
		1825E38B22A2604D00107F32 /* Temp.swift */ = {isa = PBXFileReference; lastKnownFileType = sourcecode.swift; path = Temp.swift; sourceTree = "<group>"; };
		188B289322A10E6B0087D35D /* Capital Cities.app */ = {isa = PBXFileReference; explicitFileType = wrapper.application; includeInIndex = 0; path = "Capital Cities.app"; sourceTree = BUILT_PRODUCTS_DIR; };
		188B289622A10E6B0087D35D /* AppDelegate.swift */ = {isa = PBXFileReference; lastKnownFileType = sourcecode.swift; path = AppDelegate.swift; sourceTree = "<group>"; };
		188B289822A10E6B0087D35D /* ViewController.swift */ = {isa = PBXFileReference; lastKnownFileType = sourcecode.swift; path = ViewController.swift; sourceTree = "<group>"; };
		188B289B22A10E6B0087D35D /* Base */ = {isa = PBXFileReference; lastKnownFileType = file.storyboard; name = Base; path = Base.lproj/Main.storyboard; sourceTree = "<group>"; };
		188B289D22A10E6C0087D35D /* Assets.xcassets */ = {isa = PBXFileReference; lastKnownFileType = folder.assetcatalog; path = Assets.xcassets; sourceTree = "<group>"; };
		188B28A022A10E6C0087D35D /* Base */ = {isa = PBXFileReference; lastKnownFileType = file.storyboard; name = Base; path = Base.lproj/LaunchScreen.storyboard; sourceTree = "<group>"; };
		188B28A222A10E6C0087D35D /* Info.plist */ = {isa = PBXFileReference; lastKnownFileType = text.plist.xml; path = Info.plist; sourceTree = "<group>"; };
		188B28A822A110010087D35D /* Capital.swift */ = {isa = PBXFileReference; lastKnownFileType = sourcecode.swift; path = Capital.swift; sourceTree = "<group>"; };
/* End PBXFileReference section */

/* Begin PBXFrameworksBuildPhase section */
		188B289022A10E6B0087D35D /* Frameworks */ = {
			isa = PBXFrameworksBuildPhase;
			buildActionMask = 2147483647;
			files = (
			);
			runOnlyForDeploymentPostprocessing = 0;
		};
/* End PBXFrameworksBuildPhase section */

/* Begin PBXGroup section */
		188B288A22A10E6B0087D35D = {
			isa = PBXGroup;
			children = (
				188B289522A10E6B0087D35D /* Capital Cities */,
				188B289422A10E6B0087D35D /* Products */,
			);
			sourceTree = "<group>";
		};
		188B289422A10E6B0087D35D /* Products */ = {
			isa = PBXGroup;
			children = (
				188B289322A10E6B0087D35D /* Capital Cities.app */,
			);
			name = Products;
			sourceTree = "<group>";
		};
		188B289522A10E6B0087D35D /* Capital Cities */ = {
			isa = PBXGroup;
			children = (
				188B289622A10E6B0087D35D /* AppDelegate.swift */,
				188B289822A10E6B0087D35D /* ViewController.swift */,
				188B289A22A10E6B0087D35D /* Main.storyboard */,
				188B28A822A110010087D35D /* Capital.swift */,
				1825E38922A25FF300107F32 /* ViewHolderController.swift */,
				188B289D22A10E6C0087D35D /* Assets.xcassets */,
				188B289F22A10E6C0087D35D /* LaunchScreen.storyboard */,
				188B28A222A10E6C0087D35D /* Info.plist */,
				1825E38B22A2604D00107F32 /* Temp.swift */,
			);
			path = "Capital Cities";
			sourceTree = "<group>";
		};
/* End PBXGroup section */

/* Begin PBXNativeTarget section */
		188B289222A10E6B0087D35D /* Capital Cities */ = {
			isa = PBXNativeTarget;
			buildConfigurationList = 188B28A522A10E6C0087D35D /* Build configuration list for PBXNativeTarget "Capital Cities" */;
			buildPhases = (
				188B288F22A10E6B0087D35D /* Sources */,
				188B289022A10E6B0087D35D /* Frameworks */,
				188B289122A10E6B0087D35D /* Resources */,
			);
			buildRules = (
			);
			dependencies = (
			);
			name = "Capital Cities";
			productName = "Capital Cities";
			productReference = 188B289322A10E6B0087D35D /* Capital Cities.app */;
			productType = "com.apple.product-type.application";
		};
/* End PBXNativeTarget section */

/* Begin PBXProject section */
		188B288B22A10E6B0087D35D /* Project object */ = {
			isa = PBXProject;
			attributes = {
				LastSwiftUpdateCheck = 1020;
				LastUpgradeCheck = 1020;
				ORGANIZATIONNAME = HackingWithSwift;
				TargetAttributes = {
					188B289222A10E6B0087D35D = {
						CreatedOnToolsVersion = 10.2.1;
					};
				};
			};
			buildConfigurationList = 188B288E22A10E6B0087D35D /* Build configuration list for PBXProject "Capital Cities" */;
			compatibilityVersion = "Xcode 9.3";
			developmentRegion = en;
			hasScannedForEncodings = 0;
			knownRegions = (
				en,
				Base,
			);
			mainGroup = 188B288A22A10E6B0087D35D;
			productRefGroup = 188B289422A10E6B0087D35D /* Products */;
			projectDirPath = "";
			projectRoot = "";
			targets = (
				188B289222A10E6B0087D35D /* Capital Cities */,
			);
		};
/* End PBXProject section */

/* Begin PBXResourcesBuildPhase section */
		188B289122A10E6B0087D35D /* Resources */ = {
			isa = PBXResourcesBuildPhase;
			buildActionMask = 2147483647;
			files = (
				188B28A122A10E6C0087D35D /* LaunchScreen.storyboard in Resources */,
				188B289E22A10E6C0087D35D /* Assets.xcassets in Resources */,
				188B289C22A10E6B0087D35D /* Main.storyboard in Resources */,
			);
			runOnlyForDeploymentPostprocessing = 0;
		};
/* End PBXResourcesBuildPhase section */

/* Begin PBXSourcesBuildPhase section */
		188B288F22A10E6B0087D35D /* Sources */ = {
			isa = PBXSourcesBuildPhase;
			buildActionMask = 2147483647;
			files = (
				188B289922A10E6B0087D35D /* ViewController.swift in Sources */,
				188B289722A10E6B0087D35D /* AppDelegate.swift in Sources */,
				1825E38C22A2604D00107F32 /* Temp.swift in Sources */,
				1825E38A22A25FF300107F32 /* ViewHolderController.swift in Sources */,
				188B28A922A110010087D35D /* Capital.swift in Sources */,
			);
			runOnlyForDeploymentPostprocessing = 0;
		};
/* End PBXSourcesBuildPhase section */

/* Begin PBXVariantGroup section */
		188B289A22A10E6B0087D35D /* Main.storyboard */ = {
			isa = PBXVariantGroup;
			children = (
				188B289B22A10E6B0087D35D /* Base */,
			);
			name = Main.storyboard;
			sourceTree = "<group>";
		};
		188B289F22A10E6C0087D35D /* LaunchScreen.storyboard */ = {
			isa = PBXVariantGroup;
			children = (
				188B28A022A10E6C0087D35D /* Base */,
			);
			name = LaunchScreen.storyboard;
			sourceTree = "<group>";
		};
/* End PBXVariantGroup section */

/* Begin XCBuildConfiguration section */
		188B28A322A10E6C0087D35D /* Debug */ = {
			isa = XCBuildConfiguration;
			buildSettings = {
				ALWAYS_SEARCH_USER_PATHS = NO;
				CLANG_ANALYZER_NONNULL = YES;
				CLANG_ANALYZER_NUMBER_OBJECT_CONVERSION = YES_AGGRESSIVE;
				CLANG_CXX_LANGUAGE_STANDARD = "gnu++14";
				CLANG_CXX_LIBRARY = "libc++";
				CLANG_ENABLE_MODULES = YES;
				CLANG_ENABLE_OBJC_ARC = YES;
				CLANG_ENABLE_OBJC_WEAK = YES;
				CLANG_WARN_BLOCK_CAPTURE_AUTORELEASING = YES;
				CLANG_WARN_BOOL_CONVERSION = YES;
				CLANG_WARN_COMMA = YES;
				CLANG_WARN_CONSTANT_CONVERSION = YES;
				CLANG_WARN_DEPRECATED_OBJC_IMPLEMENTATIONS = YES;
				CLANG_WARN_DIRECT_OBJC_ISA_USAGE = YES_ERROR;
				CLANG_WARN_DOCUMENTATION_COMMENTS = YES;
				CLANG_WARN_EMPTY_BODY = YES;
				CLANG_WARN_ENUM_CONVERSION = YES;
				CLANG_WARN_INFINITE_RECURSION = YES;
				CLANG_WARN_INT_CONVERSION = YES;
				CLANG_WARN_NON_LITERAL_NULL_CONVERSION = YES;
				CLANG_WARN_OBJC_IMPLICIT_RETAIN_SELF = YES;
				CLANG_WARN_OBJC_LITERAL_CONVERSION = YES;
				CLANG_WARN_OBJC_ROOT_CLASS = YES_ERROR;
				CLANG_WARN_RANGE_LOOP_ANALYSIS = YES;
				CLANG_WARN_STRICT_PROTOTYPES = YES;
				CLANG_WARN_SUSPICIOUS_MOVE = YES;
				CLANG_WARN_UNGUARDED_AVAILABILITY = YES_AGGRESSIVE;
				CLANG_WARN_UNREACHABLE_CODE = YES;
				CLANG_WARN__DUPLICATE_METHOD_MATCH = YES;
				CODE_SIGN_IDENTITY = "iPhone Developer";
				COPY_PHASE_STRIP = NO;
				DEBUG_INFORMATION_FORMAT = dwarf;
				ENABLE_STRICT_OBJC_MSGSEND = YES;
				ENABLE_TESTABILITY = YES;
				GCC_C_LANGUAGE_STANDARD = gnu11;
				GCC_DYNAMIC_NO_PIC = NO;
				GCC_NO_COMMON_BLOCKS = YES;
				GCC_OPTIMIZATION_LEVEL = 0;
				GCC_PREPROCESSOR_DEFINITIONS = (
					"DEBUG=1",
					"$(inherited)",
				);
				GCC_WARN_64_TO_32_BIT_CONVERSION = YES;
				GCC_WARN_ABOUT_RETURN_TYPE = YES_ERROR;
				GCC_WARN_UNDECLARED_SELECTOR = YES;
				GCC_WARN_UNINITIALIZED_AUTOS = YES_AGGRESSIVE;
				GCC_WARN_UNUSED_FUNCTION = YES;
				GCC_WARN_UNUSED_VARIABLE = YES;
				IPHONEOS_DEPLOYMENT_TARGET = 12.2;
				MTL_ENABLE_DEBUG_INFO = INCLUDE_SOURCE;
				MTL_FAST_MATH = YES;
				ONLY_ACTIVE_ARCH = YES;
				SDKROOT = iphoneos;
				SWIFT_ACTIVE_COMPILATION_CONDITIONS = DEBUG;
				SWIFT_OPTIMIZATION_LEVEL = "-Onone";
			};
			name = Debug;
		};
		188B28A422A10E6C0087D35D /* Release */ = {
			isa = XCBuildConfiguration;
			buildSettings = {
				ALWAYS_SEARCH_USER_PATHS = NO;
				CLANG_ANALYZER_NONNULL = YES;
				CLANG_ANALYZER_NUMBER_OBJECT_CONVERSION = YES_AGGRESSIVE;
				CLANG_CXX_LANGUAGE_STANDARD = "gnu++14";
				CLANG_CXX_LIBRARY = "libc++";
				CLANG_ENABLE_MODULES = YES;
				CLANG_ENABLE_OBJC_ARC = YES;
				CLANG_ENABLE_OBJC_WEAK = YES;
				CLANG_WARN_BLOCK_CAPTURE_AUTORELEASING = YES;
				CLANG_WARN_BOOL_CONVERSION = YES;
				CLANG_WARN_COMMA = YES;
				CLANG_WARN_CONSTANT_CONVERSION = YES;
				CLANG_WARN_DEPRECATED_OBJC_IMPLEMENTATIONS = YES;
				CLANG_WARN_DIRECT_OBJC_ISA_USAGE = YES_ERROR;
				CLANG_WARN_DOCUMENTATION_COMMENTS = YES;
				CLANG_WARN_EMPTY_BODY = YES;
				CLANG_WARN_ENUM_CONVERSION = YES;
				CLANG_WARN_INFINITE_RECURSION = YES;
				CLANG_WARN_INT_CONVERSION = YES;
				CLANG_WARN_NON_LITERAL_NULL_CONVERSION = YES;
				CLANG_WARN_OBJC_IMPLICIT_RETAIN_SELF = YES;
				CLANG_WARN_OBJC_LITERAL_CONVERSION = YES;
				CLANG_WARN_OBJC_ROOT_CLASS = YES_ERROR;
				CLANG_WARN_RANGE_LOOP_ANALYSIS = YES;
				CLANG_WARN_STRICT_PROTOTYPES = YES;
				CLANG_WARN_SUSPICIOUS_MOVE = YES;
				CLANG_WARN_UNGUARDED_AVAILABILITY = YES_AGGRESSIVE;
				CLANG_WARN_UNREACHABLE_CODE = YES;
				CLANG_WARN__DUPLICATE_METHOD_MATCH = YES;
				CODE_SIGN_IDENTITY = "iPhone Developer";
				COPY_PHASE_STRIP = NO;
				DEBUG_INFORMATION_FORMAT = "dwarf-with-dsym";
				ENABLE_NS_ASSERTIONS = NO;
				ENABLE_STRICT_OBJC_MSGSEND = YES;
				GCC_C_LANGUAGE_STANDARD = gnu11;
				GCC_NO_COMMON_BLOCKS = YES;
				GCC_WARN_64_TO_32_BIT_CONVERSION = YES;
				GCC_WARN_ABOUT_RETURN_TYPE = YES_ERROR;
				GCC_WARN_UNDECLARED_SELECTOR = YES;
				GCC_WARN_UNINITIALIZED_AUTOS = YES_AGGRESSIVE;
				GCC_WARN_UNUSED_FUNCTION = YES;
				GCC_WARN_UNUSED_VARIABLE = YES;
				IPHONEOS_DEPLOYMENT_TARGET = 12.2;
				MTL_ENABLE_DEBUG_INFO = NO;
				MTL_FAST_MATH = YES;
				SDKROOT = iphoneos;
				SWIFT_COMPILATION_MODE = wholemodule;
				SWIFT_OPTIMIZATION_LEVEL = "-O";
				VALIDATE_PRODUCT = YES;
			};
			name = Release;
		};
		188B28A622A10E6C0087D35D /* Debug */ = {
			isa = XCBuildConfiguration;
			buildSettings = {
				ASSETCATALOG_COMPILER_APPICON_NAME = AppIcon;
				CODE_SIGN_STYLE = Manual;
				DEVELOPMENT_TEAM = "";
				INFOPLIST_FILE = "Capital Cities/Info.plist";
				LD_RUNPATH_SEARCH_PATHS = (
					"$(inherited)",
					"@executable_path/Frameworks",
				);
				PRODUCT_BUNDLE_IDENTIFIER = "com.surakamy.Capital-Cities";
				PRODUCT_NAME = "$(TARGET_NAME)";
				PROVISIONING_PROFILE_SPECIFIER = "";
				SWIFT_VERSION = 5.0;
				TARGETED_DEVICE_FAMILY = "1,2";
			};
			name = Debug;
		};
		188B28A722A10E6C0087D35D /* Release */ = {
			isa = XCBuildConfiguration;
			buildSettings = {
				ASSETCATALOG_COMPILER_APPICON_NAME = AppIcon;
				CODE_SIGN_STYLE = Manual;
				DEVELOPMENT_TEAM = "";
				INFOPLIST_FILE = "Capital Cities/Info.plist";
				LD_RUNPATH_SEARCH_PATHS = (
					"$(inherited)",
					"@executable_path/Frameworks",
				);
				PRODUCT_BUNDLE_IDENTIFIER = "com.surakamy.Capital-Cities";
				PRODUCT_NAME = "$(TARGET_NAME)";
				PROVISIONING_PROFILE_SPECIFIER = "";
				SWIFT_VERSION = 5.0;
				TARGETED_DEVICE_FAMILY = "1,2";
			};
			name = Release;
		};
/* End XCBuildConfiguration section */

/* Begin XCConfigurationList section */
		188B288E22A10E6B0087D35D /* Build configuration list for PBXProject "Capital Cities" */ = {
			isa = XCConfigurationList;
			buildConfigurations = (
				188B28A322A10E6C0087D35D /* Debug */,
				188B28A422A10E6C0087D35D /* Release */,
			);
			defaultConfigurationIsVisible = 0;
			defaultConfigurationName = Release;
		};
		188B28A522A10E6C0087D35D /* Build configuration list for PBXNativeTarget "Capital Cities" */ = {
			isa = XCConfigurationList;
			buildConfigurations = (
				188B28A622A10E6C0087D35D /* Debug */,
				188B28A722A10E6C0087D35D /* Release */,
			);
			defaultConfigurationIsVisible = 0;
			defaultConfigurationName = Release;
		};
/* End XCConfigurationList section */
	};
	rootObject = 188B288B22A10E6B0087D35D /* Project object */;
}
