// !$*UTF8*$!
{
	archiveVersion = 1;
	classes = {
	};
	objectVersion = 50;
	objects = {

/* Begin PBXBuildFile section */
		182A5C6822888AF1000FF7EC /* AppDelegate.swift in Sources */ = {isa = PBXBuildFile; fileRef = 182A5C6722888AF1000FF7EC /* AppDelegate.swift */; };
		182A5C6A22888AF1000FF7EC /* DocumentBrowserViewController.swift in Sources */ = {isa = PBXBuildFile; fileRef = 182A5C6922888AF1000FF7EC /* DocumentBrowserViewController.swift */; };
		182A5C6C22888AF1000FF7EC /* DocumentViewController.swift in Sources */ = {isa = PBXBuildFile; fileRef = 182A5C6B22888AF1000FF7EC /* DocumentViewController.swift */; };
		182A5C6E22888AF1000FF7EC /* Document.swift in Sources */ = {isa = PBXBuildFile; fileRef = 182A5C6D22888AF1000FF7EC /* Document.swift */; };
		182A5C7122888AF1000FF7EC /* Main.storyboard in Resources */ = {isa = PBXBuildFile; fileRef = 182A5C6F22888AF1000FF7EC /* Main.storyboard */; };
		182A5C7322888AF3000FF7EC /* Assets.xcassets in Resources */ = {isa = PBXBuildFile; fileRef = 182A5C7222888AF3000FF7EC /* Assets.xcassets */; };
		182A5C7622888AF3000FF7EC /* LaunchScreen.storyboard in Resources */ = {isa = PBXBuildFile; fileRef = 182A5C7422888AF3000FF7EC /* LaunchScreen.storyboard */; };
		A3547FEADEC10AD2605B829D /* Pods_JustType.framework in Frameworks */ = {isa = PBXBuildFile; fileRef = 87E8DD4BE80C7356C450C03B /* Pods_JustType.framework */; };
/* End PBXBuildFile section */

/* Begin PBXFileReference section */
		182A5C6422888AF1000FF7EC /* JustType.app */ = {isa = PBXFileReference; explicitFileType = wrapper.application; includeInIndex = 0; path = JustType.app; sourceTree = BUILT_PRODUCTS_DIR; };
		182A5C6722888AF1000FF7EC /* AppDelegate.swift */ = {isa = PBXFileReference; lastKnownFileType = sourcecode.swift; path = AppDelegate.swift; sourceTree = "<group>"; };
		182A5C6922888AF1000FF7EC /* DocumentBrowserViewController.swift */ = {isa = PBXFileReference; lastKnownFileType = sourcecode.swift; path = DocumentBrowserViewController.swift; sourceTree = "<group>"; };
		182A5C6B22888AF1000FF7EC /* DocumentViewController.swift */ = {isa = PBXFileReference; lastKnownFileType = sourcecode.swift; path = DocumentViewController.swift; sourceTree = "<group>"; };
		182A5C6D22888AF1000FF7EC /* Document.swift */ = {isa = PBXFileReference; lastKnownFileType = sourcecode.swift; path = Document.swift; sourceTree = "<group>"; };
		182A5C7022888AF1000FF7EC /* Base */ = {isa = PBXFileReference; lastKnownFileType = file.storyboard; name = Base; path = Base.lproj/Main.storyboard; sourceTree = "<group>"; };
		182A5C7222888AF3000FF7EC /* Assets.xcassets */ = {isa = PBXFileReference; lastKnownFileType = folder.assetcatalog; path = Assets.xcassets; sourceTree = "<group>"; };
		182A5C7522888AF3000FF7EC /* Base */ = {isa = PBXFileReference; lastKnownFileType = file.storyboard; name = Base; path = Base.lproj/LaunchScreen.storyboard; sourceTree = "<group>"; };
		182A5C7722888AF3000FF7EC /* Info.plist */ = {isa = PBXFileReference; lastKnownFileType = text.plist.xml; path = Info.plist; sourceTree = "<group>"; };
		3224415D6EC4E116BE8C73FA /* Pods-JustType.release.xcconfig */ = {isa = PBXFileReference; includeInIndex = 1; lastKnownFileType = text.xcconfig; name = "Pods-JustType.release.xcconfig"; path = "Target Support Files/Pods-JustType/Pods-JustType.release.xcconfig"; sourceTree = "<group>"; };
		87E8DD4BE80C7356C450C03B /* Pods_JustType.framework */ = {isa = PBXFileReference; explicitFileType = wrapper.framework; includeInIndex = 0; path = Pods_JustType.framework; sourceTree = BUILT_PRODUCTS_DIR; };
		A79097F649F39CAEF262092D /* Pods-JustType.debug.xcconfig */ = {isa = PBXFileReference; includeInIndex = 1; lastKnownFileType = text.xcconfig; name = "Pods-JustType.debug.xcconfig"; path = "Target Support Files/Pods-JustType/Pods-JustType.debug.xcconfig"; sourceTree = "<group>"; };
/* End PBXFileReference section */

/* Begin PBXFrameworksBuildPhase section */
		182A5C6122888AF1000FF7EC /* Frameworks */ = {
			isa = PBXFrameworksBuildPhase;
			buildActionMask = 2147483647;
			files = (
				A3547FEADEC10AD2605B829D /* Pods_JustType.framework in Frameworks */,
			);
			runOnlyForDeploymentPostprocessing = 0;
		};
/* End PBXFrameworksBuildPhase section */

/* Begin PBXGroup section */
		182A5C5B22888AF1000FF7EC = {
			isa = PBXGroup;
			children = (
				182A5C6622888AF1000FF7EC /* JustType */,
				182A5C6522888AF1000FF7EC /* Products */,
				CB8F19CBC098C9E5CD6E3EF5 /* Pods */,
				89AE062666DF21FF6C6FF055 /* Frameworks */,
			);
			sourceTree = "<group>";
		};
		182A5C6522888AF1000FF7EC /* Products */ = {
			isa = PBXGroup;
			children = (
				182A5C6422888AF1000FF7EC /* JustType.app */,
			);
			name = Products;
			sourceTree = "<group>";
		};
		182A5C6622888AF1000FF7EC /* JustType */ = {
			isa = PBXGroup;
			children = (
				182A5C6722888AF1000FF7EC /* AppDelegate.swift */,
				182A5C6922888AF1000FF7EC /* DocumentBrowserViewController.swift */,
				182A5C6B22888AF1000FF7EC /* DocumentViewController.swift */,
				182A5C6D22888AF1000FF7EC /* Document.swift */,
				182A5C6F22888AF1000FF7EC /* Main.storyboard */,
				182A5C7222888AF3000FF7EC /* Assets.xcassets */,
				182A5C7422888AF3000FF7EC /* LaunchScreen.storyboard */,
				182A5C7722888AF3000FF7EC /* Info.plist */,
			);
			path = JustType;
			sourceTree = "<group>";
		};
		89AE062666DF21FF6C6FF055 /* Frameworks */ = {
			isa = PBXGroup;
			children = (
				87E8DD4BE80C7356C450C03B /* Pods_JustType.framework */,
			);
			name = Frameworks;
			sourceTree = "<group>";
		};
		CB8F19CBC098C9E5CD6E3EF5 /* Pods */ = {
			isa = PBXGroup;
			children = (
				A79097F649F39CAEF262092D /* Pods-JustType.debug.xcconfig */,
				3224415D6EC4E116BE8C73FA /* Pods-JustType.release.xcconfig */,
			);
			name = Pods;
			path = Pods;
			sourceTree = "<group>";
		};
/* End PBXGroup section */

/* Begin PBXNativeTarget section */
		182A5C6322888AF1000FF7EC /* JustType */ = {
			isa = PBXNativeTarget;
			buildConfigurationList = 182A5C7A22888AF3000FF7EC /* Build configuration list for PBXNativeTarget "JustType" */;
			buildPhases = (
				7806044778FC147A86C12A1A /* [CP] Check Pods Manifest.lock */,
				182A5C6022888AF1000FF7EC /* Sources */,
				182A5C6122888AF1000FF7EC /* Frameworks */,
				182A5C6222888AF1000FF7EC /* Resources */,
				5A74A55327C741B3B7E6D309 /* [CP] Embed Pods Frameworks */,
			);
			buildRules = (
			);
			dependencies = (
			);
			name = JustType;
			productName = JustType;
			productReference = 182A5C6422888AF1000FF7EC /* JustType.app */;
			productType = "com.apple.product-type.application";
		};
/* End PBXNativeTarget section */

/* Begin PBXProject section */
		182A5C5C22888AF1000FF7EC /* Project object */ = {
			isa = PBXProject;
			attributes = {
				LastSwiftUpdateCheck = 1020;
				LastUpgradeCheck = 1020;
				ORGANIZATIONNAME = HackingWithSwift;
				TargetAttributes = {
					182A5C6322888AF1000FF7EC = {
						CreatedOnToolsVersion = 10.2.1;
					};
				};
			};
			buildConfigurationList = 182A5C5F22888AF1000FF7EC /* Build configuration list for PBXProject "JustType" */;
			compatibilityVersion = "Xcode 9.3";
			developmentRegion = en;
			hasScannedForEncodings = 0;
			knownRegions = (
				en,
				Base,
			);
			mainGroup = 182A5C5B22888AF1000FF7EC;
			productRefGroup = 182A5C6522888AF1000FF7EC /* Products */;
			projectDirPath = "";
			projectRoot = "";
			targets = (
				182A5C6322888AF1000FF7EC /* JustType */,
			);
		};
/* End PBXProject section */

/* Begin PBXResourcesBuildPhase section */
		182A5C6222888AF1000FF7EC /* Resources */ = {
			isa = PBXResourcesBuildPhase;
			buildActionMask = 2147483647;
			files = (
				182A5C7622888AF3000FF7EC /* LaunchScreen.storyboard in Resources */,
				182A5C7322888AF3000FF7EC /* Assets.xcassets in Resources */,
				182A5C7122888AF1000FF7EC /* Main.storyboard in Resources */,
			);
			runOnlyForDeploymentPostprocessing = 0;
		};
/* End PBXResourcesBuildPhase section */

/* Begin PBXShellScriptBuildPhase section */
		5A74A55327C741B3B7E6D309 /* [CP] Embed Pods Frameworks */ = {
			isa = PBXShellScriptBuildPhase;
			buildActionMask = 2147483647;
			files = (
			);
			inputFileListPaths = (
			);
			inputPaths = (
				"${PODS_ROOT}/Target Support Files/Pods-JustType/Pods-JustType-frameworks.sh",
				"${BUILT_PRODUCTS_DIR}/Sourceful/Sourceful.framework",
			);
			name = "[CP] Embed Pods Frameworks";
			outputFileListPaths = (
			);
			outputPaths = (
				"${TARGET_BUILD_DIR}/${FRAMEWORKS_FOLDER_PATH}/Sourceful.framework",
			);
			runOnlyForDeploymentPostprocessing = 0;
			shellPath = /bin/sh;
			shellScript = "\"${PODS_ROOT}/Target Support Files/Pods-JustType/Pods-JustType-frameworks.sh\"\n";
			showEnvVarsInLog = 0;
		};
		7806044778FC147A86C12A1A /* [CP] Check Pods Manifest.lock */ = {
			isa = PBXShellScriptBuildPhase;
			buildActionMask = 2147483647;
			files = (
			);
			inputFileListPaths = (
			);
			inputPaths = (
				"${PODS_PODFILE_DIR_PATH}/Podfile.lock",
				"${PODS_ROOT}/Manifest.lock",
			);
			name = "[CP] Check Pods Manifest.lock";
			outputFileListPaths = (
			);
			outputPaths = (
				"$(DERIVED_FILE_DIR)/Pods-JustType-checkManifestLockResult.txt",
			);
			runOnlyForDeploymentPostprocessing = 0;
			shellPath = /bin/sh;
			shellScript = "diff \"${PODS_PODFILE_DIR_PATH}/Podfile.lock\" \"${PODS_ROOT}/Manifest.lock\" > /dev/null\nif [ $? != 0 ] ; then\n    # print error to STDERR\n    echo \"error: The sandbox is not in sync with the Podfile.lock. Run 'pod install' or update your CocoaPods installation.\" >&2\n    exit 1\nfi\n# This output is used by Xcode 'outputs' to avoid re-running this script phase.\necho \"SUCCESS\" > \"${SCRIPT_OUTPUT_FILE_0}\"\n";
			showEnvVarsInLog = 0;
		};
/* End PBXShellScriptBuildPhase section */

/* Begin PBXSourcesBuildPhase section */
		182A5C6022888AF1000FF7EC /* Sources */ = {
			isa = PBXSourcesBuildPhase;
			buildActionMask = 2147483647;
			files = (
				182A5C6E22888AF1000FF7EC /* Document.swift in Sources */,
				182A5C6C22888AF1000FF7EC /* DocumentViewController.swift in Sources */,
				182A5C6A22888AF1000FF7EC /* DocumentBrowserViewController.swift in Sources */,
				182A5C6822888AF1000FF7EC /* AppDelegate.swift in Sources */,
			);
			runOnlyForDeploymentPostprocessing = 0;
		};
/* End PBXSourcesBuildPhase section */

/* Begin PBXVariantGroup section */
		182A5C6F22888AF1000FF7EC /* Main.storyboard */ = {
			isa = PBXVariantGroup;
			children = (
				182A5C7022888AF1000FF7EC /* Base */,
			);
			name = Main.storyboard;
			sourceTree = "<group>";
		};
		182A5C7422888AF3000FF7EC /* LaunchScreen.storyboard */ = {
			isa = PBXVariantGroup;
			children = (
				182A5C7522888AF3000FF7EC /* Base */,
			);
			name = LaunchScreen.storyboard;
			sourceTree = "<group>";
		};
/* End PBXVariantGroup section */

/* Begin XCBuildConfiguration section */
		182A5C7822888AF3000FF7EC /* Debug */ = {
			isa = XCBuildConfiguration;
			buildSettings = {
				ALWAYS_SEARCH_USER_PATHS = NO;
				CLANG_ANALYZER_NONNULL = YES;
				CLANG_ANALYZER_NUMBER_OBJECT_CONVERSION = YES_AGGRESSIVE;
				CLANG_CXX_LANGUAGE_STANDARD = "gnu++14";
				CLANG_CXX_LIBRARY = "libc++";
				CLANG_ENABLE_MODULES = YES;
				CLANG_ENABLE_OBJC_ARC = YES;
				CLANG_ENABLE_OBJC_WEAK = YES;
				CLANG_WARN_BLOCK_CAPTURE_AUTORELEASING = YES;
				CLANG_WARN_BOOL_CONVERSION = YES;
				CLANG_WARN_COMMA = YES;
				CLANG_WARN_CONSTANT_CONVERSION = YES;
				CLANG_WARN_DEPRECATED_OBJC_IMPLEMENTATIONS = YES;
				CLANG_WARN_DIRECT_OBJC_ISA_USAGE = YES_ERROR;
				CLANG_WARN_DOCUMENTATION_COMMENTS = YES;
				CLANG_WARN_EMPTY_BODY = YES;
				CLANG_WARN_ENUM_CONVERSION = YES;
				CLANG_WARN_INFINITE_RECURSION = YES;
				CLANG_WARN_INT_CONVERSION = YES;
				CLANG_WARN_NON_LITERAL_NULL_CONVERSION = YES;
				CLANG_WARN_OBJC_IMPLICIT_RETAIN_SELF = YES;
				CLANG_WARN_OBJC_LITERAL_CONVERSION = YES;
				CLANG_WARN_OBJC_ROOT_CLASS = YES_ERROR;
				CLANG_WARN_RANGE_LOOP_ANALYSIS = YES;
				CLANG_WARN_STRICT_PROTOTYPES = YES;
				CLANG_WARN_SUSPICIOUS_MOVE = YES;
				CLANG_WARN_UNGUARDED_AVAILABILITY = YES_AGGRESSIVE;
				CLANG_WARN_UNREACHABLE_CODE = YES;
				CLANG_WARN__DUPLICATE_METHOD_MATCH = YES;
				CODE_SIGN_IDENTITY = "iPhone Developer";
				COPY_PHASE_STRIP = NO;
				DEBUG_INFORMATION_FORMAT = dwarf;
				ENABLE_STRICT_OBJC_MSGSEND = YES;
				ENABLE_TESTABILITY = YES;
				GCC_C_LANGUAGE_STANDARD = gnu11;
				GCC_DYNAMIC_NO_PIC = NO;
				GCC_NO_COMMON_BLOCKS = YES;
				GCC_OPTIMIZATION_LEVEL = 0;
				GCC_PREPROCESSOR_DEFINITIONS = (
					"DEBUG=1",
					"$(inherited)",
				);
				GCC_WARN_64_TO_32_BIT_CONVERSION = YES;
				GCC_WARN_ABOUT_RETURN_TYPE = YES_ERROR;
				GCC_WARN_UNDECLARED_SELECTOR = YES;
				GCC_WARN_UNINITIALIZED_AUTOS = YES_AGGRESSIVE;
				GCC_WARN_UNUSED_FUNCTION = YES;
				GCC_WARN_UNUSED_VARIABLE = YES;
				IPHONEOS_DEPLOYMENT_TARGET = 12.2;
				MTL_ENABLE_DEBUG_INFO = INCLUDE_SOURCE;
				MTL_FAST_MATH = YES;
				ONLY_ACTIVE_ARCH = YES;
				SDKROOT = iphoneos;
				SWIFT_ACTIVE_COMPILATION_CONDITIONS = DEBUG;
				SWIFT_OPTIMIZATION_LEVEL = "-Onone";
			};
			name = Debug;
		};
		182A5C7922888AF3000FF7EC /* Release */ = {
			isa = XCBuildConfiguration;
			buildSettings = {
				ALWAYS_SEARCH_USER_PATHS = NO;
				CLANG_ANALYZER_NONNULL = YES;
				CLANG_ANALYZER_NUMBER_OBJECT_CONVERSION = YES_AGGRESSIVE;
				CLANG_CXX_LANGUAGE_STANDARD = "gnu++14";
				CLANG_CXX_LIBRARY = "libc++";
				CLANG_ENABLE_MODULES = YES;
				CLANG_ENABLE_OBJC_ARC = YES;
				CLANG_ENABLE_OBJC_WEAK = YES;
				CLANG_WARN_BLOCK_CAPTURE_AUTORELEASING = YES;
				CLANG_WARN_BOOL_CONVERSION = YES;
				CLANG_WARN_COMMA = YES;
				CLANG_WARN_CONSTANT_CONVERSION = YES;
				CLANG_WARN_DEPRECATED_OBJC_IMPLEMENTATIONS = YES;
				CLANG_WARN_DIRECT_OBJC_ISA_USAGE = YES_ERROR;
				CLANG_WARN_DOCUMENTATION_COMMENTS = YES;
				CLANG_WARN_EMPTY_BODY = YES;
				CLANG_WARN_ENUM_CONVERSION = YES;
				CLANG_WARN_INFINITE_RECURSION = YES;
				CLANG_WARN_INT_CONVERSION = YES;
				CLANG_WARN_NON_LITERAL_NULL_CONVERSION = YES;
				CLANG_WARN_OBJC_IMPLICIT_RETAIN_SELF = YES;
				CLANG_WARN_OBJC_LITERAL_CONVERSION = YES;
				CLANG_WARN_OBJC_ROOT_CLASS = YES_ERROR;
				CLANG_WARN_RANGE_LOOP_ANALYSIS = YES;
				CLANG_WARN_STRICT_PROTOTYPES = YES;
				CLANG_WARN_SUSPICIOUS_MOVE = YES;
				CLANG_WARN_UNGUARDED_AVAILABILITY = YES_AGGRESSIVE;
				CLANG_WARN_UNREACHABLE_CODE = YES;
				CLANG_WARN__DUPLICATE_METHOD_MATCH = YES;
				CODE_SIGN_IDENTITY = "iPhone Developer";
				COPY_PHASE_STRIP = NO;
				DEBUG_INFORMATION_FORMAT = "dwarf-with-dsym";
				ENABLE_NS_ASSERTIONS = NO;
				ENABLE_STRICT_OBJC_MSGSEND = YES;
				GCC_C_LANGUAGE_STANDARD = gnu11;
				GCC_NO_COMMON_BLOCKS = YES;
				GCC_WARN_64_TO_32_BIT_CONVERSION = YES;
				GCC_WARN_ABOUT_RETURN_TYPE = YES_ERROR;
				GCC_WARN_UNDECLARED_SELECTOR = YES;
				GCC_WARN_UNINITIALIZED_AUTOS = YES_AGGRESSIVE;
				GCC_WARN_UNUSED_FUNCTION = YES;
				GCC_WARN_UNUSED_VARIABLE = YES;
				IPHONEOS_DEPLOYMENT_TARGET = 12.2;
				MTL_ENABLE_DEBUG_INFO = NO;
				MTL_FAST_MATH = YES;
				SDKROOT = iphoneos;
				SWIFT_COMPILATION_MODE = wholemodule;
				SWIFT_OPTIMIZATION_LEVEL = "-O";
				VALIDATE_PRODUCT = YES;
			};
			name = Release;
		};
		182A5C7B22888AF3000FF7EC /* Debug */ = {
			isa = XCBuildConfiguration;
			baseConfigurationReference = A79097F649F39CAEF262092D /* Pods-JustType.debug.xcconfig */;
			buildSettings = {
				ASSETCATALOG_COMPILER_APPICON_NAME = AppIcon;
				CODE_SIGN_STYLE = Manual;
				DEVELOPMENT_TEAM = "";
				INFOPLIST_FILE = JustType/Info.plist;
				LD_RUNPATH_SEARCH_PATHS = (
					"$(inherited)",
					"@executable_path/Frameworks",
				);
				PRODUCT_BUNDLE_IDENTIFIER = com.surakamy.JustType;
				PRODUCT_NAME = "$(TARGET_NAME)";
				PROVISIONING_PROFILE_SPECIFIER = "";
				SWIFT_VERSION = 5.0;
				TARGETED_DEVICE_FAMILY = "1,2";
			};
			name = Debug;
		};
		182A5C7C22888AF3000FF7EC /* Release */ = {
			isa = XCBuildConfiguration;
			baseConfigurationReference = 3224415D6EC4E116BE8C73FA /* Pods-JustType.release.xcconfig */;
			buildSettings = {
				ASSETCATALOG_COMPILER_APPICON_NAME = AppIcon;
				CODE_SIGN_STYLE = Manual;
				DEVELOPMENT_TEAM = "";
				INFOPLIST_FILE = JustType/Info.plist;
				LD_RUNPATH_SEARCH_PATHS = (
					"$(inherited)",
					"@executable_path/Frameworks",
				);
				PRODUCT_BUNDLE_IDENTIFIER = com.surakamy.JustType;
				PRODUCT_NAME = "$(TARGET_NAME)";
				PROVISIONING_PROFILE_SPECIFIER = "";
				SWIFT_VERSION = 5.0;
				TARGETED_DEVICE_FAMILY = "1,2";
			};
			name = Release;
		};
/* End XCBuildConfiguration section */

/* Begin XCConfigurationList section */
		182A5C5F22888AF1000FF7EC /* Build configuration list for PBXProject "JustType" */ = {
			isa = XCConfigurationList;
			buildConfigurations = (
				182A5C7822888AF3000FF7EC /* Debug */,
				182A5C7922888AF3000FF7EC /* Release */,
			);
			defaultConfigurationIsVisible = 0;
			defaultConfigurationName = Release;
		};
		182A5C7A22888AF3000FF7EC /* Build configuration list for PBXNativeTarget "JustType" */ = {
			isa = XCConfigurationList;
			buildConfigurations = (
				182A5C7B22888AF3000FF7EC /* Debug */,
				182A5C7C22888AF3000FF7EC /* Release */,
			);
			defaultConfigurationIsVisible = 0;
			defaultConfigurationName = Release;
		};
/* End XCConfigurationList section */
	};
	rootObject = 182A5C5C22888AF1000FF7EC /* Project object */;
}
