// !$*UTF8*$!
{
	archiveVersion = 1;
	classes = {
	};
	objectVersion = 50;
	objects = {

/* Begin PBXBuildFile section */
		183492CA2291C493005F346B /* AppDelegate.swift in Sources */ = {isa = PBXBuildFile; fileRef = 183492C92291C493005F346B /* AppDelegate.swift */; };
		183492CC2291C493005F346B /* ViewController.swift in Sources */ = {isa = PBXBuildFile; fileRef = 183492CB2291C493005F346B /* ViewController.swift */; };
		183492CF2291C493005F346B /* Main.storyboard in Resources */ = {isa = PBXBuildFile; fileRef = 183492CD2291C493005F346B /* Main.storyboard */; };
		183492D12291C494005F346B /* Assets.xcassets in Resources */ = {isa = PBXBuildFile; fileRef = 183492D02291C494005F346B /* Assets.xcassets */; };
		183492D42291C494005F346B /* LaunchScreen.storyboard in Resources */ = {isa = PBXBuildFile; fileRef = 183492D22291C494005F346B /* LaunchScreen.storyboard */; };
		183492DC2291C729005F346B /* ConnectionView.swift in Sources */ = {isa = PBXBuildFile; fileRef = 183492DB2291C729005F346B /* ConnectionView.swift */; };
/* End PBXBuildFile section */

/* Begin PBXFileReference section */
		183492C62291C493005F346B /* Untangler.app */ = {isa = PBXFileReference; explicitFileType = wrapper.application; includeInIndex = 0; path = Untangler.app; sourceTree = BUILT_PRODUCTS_DIR; };
		183492C92291C493005F346B /* AppDelegate.swift */ = {isa = PBXFileReference; lastKnownFileType = sourcecode.swift; path = AppDelegate.swift; sourceTree = "<group>"; };
		183492CB2291C493005F346B /* ViewController.swift */ = {isa = PBXFileReference; lastKnownFileType = sourcecode.swift; path = ViewController.swift; sourceTree = "<group>"; };
		183492CE2291C493005F346B /* Base */ = {isa = PBXFileReference; lastKnownFileType = file.storyboard; name = Base; path = Base.lproj/Main.storyboard; sourceTree = "<group>"; };
		183492D02291C494005F346B /* Assets.xcassets */ = {isa = PBXFileReference; lastKnownFileType = folder.assetcatalog; path = Assets.xcassets; sourceTree = "<group>"; };
		183492D32291C494005F346B /* Base */ = {isa = PBXFileReference; lastKnownFileType = file.storyboard; name = Base; path = Base.lproj/LaunchScreen.storyboard; sourceTree = "<group>"; };
		183492D52291C494005F346B /* Info.plist */ = {isa = PBXFileReference; lastKnownFileType = text.plist.xml; path = Info.plist; sourceTree = "<group>"; };
		183492DB2291C729005F346B /* ConnectionView.swift */ = {isa = PBXFileReference; lastKnownFileType = sourcecode.swift; path = ConnectionView.swift; sourceTree = "<group>"; };
/* End PBXFileReference section */

/* Begin PBXFrameworksBuildPhase section */
		183492C32291C493005F346B /* Frameworks */ = {
			isa = PBXFrameworksBuildPhase;
			buildActionMask = 2147483647;
			files = (
			);
			runOnlyForDeploymentPostprocessing = 0;
		};
/* End PBXFrameworksBuildPhase section */

/* Begin PBXGroup section */
		183492BD2291C493005F346B = {
			isa = PBXGroup;
			children = (
				183492C82291C493005F346B /* Untangler */,
				183492C72291C493005F346B /* Products */,
			);
			sourceTree = "<group>";
		};
		183492C72291C493005F346B /* Products */ = {
			isa = PBXGroup;
			children = (
				183492C62291C493005F346B /* Untangler.app */,
			);
			name = Products;
			sourceTree = "<group>";
		};
		183492C82291C493005F346B /* Untangler */ = {
			isa = PBXGroup;
			children = (
				183492C92291C493005F346B /* AppDelegate.swift */,
				183492CB2291C493005F346B /* ViewController.swift */,
				183492DB2291C729005F346B /* ConnectionView.swift */,
				183492CD2291C493005F346B /* Main.storyboard */,
				183492D02291C494005F346B /* Assets.xcassets */,
				183492D22291C494005F346B /* LaunchScreen.storyboard */,
				183492D52291C494005F346B /* Info.plist */,
			);
			path = Untangler;
			sourceTree = "<group>";
		};
/* End PBXGroup section */

/* Begin PBXNativeTarget section */
		183492C52291C493005F346B /* Untangler */ = {
			isa = PBXNativeTarget;
			buildConfigurationList = 183492D82291C494005F346B /* Build configuration list for PBXNativeTarget "Untangler" */;
			buildPhases = (
				183492C22291C493005F346B /* Sources */,
				183492C32291C493005F346B /* Frameworks */,
				183492C42291C493005F346B /* Resources */,
			);
			buildRules = (
			);
			dependencies = (
			);
			name = Untangler;
			productName = Untangler;
			productReference = 183492C62291C493005F346B /* Untangler.app */;
			productType = "com.apple.product-type.application";
		};
/* End PBXNativeTarget section */

/* Begin PBXProject section */
		183492BE2291C493005F346B /* Project object */ = {
			isa = PBXProject;
			attributes = {
				LastSwiftUpdateCheck = 1020;
				LastUpgradeCheck = 1020;
				ORGANIZATIONNAME = HackingWithSwift;
				TargetAttributes = {
					183492C52291C493005F346B = {
						CreatedOnToolsVersion = 10.2.1;
					};
				};
			};
			buildConfigurationList = 183492C12291C493005F346B /* Build configuration list for PBXProject "Untangler" */;
			compatibilityVersion = "Xcode 9.3";
			developmentRegion = en;
			hasScannedForEncodings = 0;
			knownRegions = (
				en,
				Base,
			);
			mainGroup = 183492BD2291C493005F346B;
			productRefGroup = 183492C72291C493005F346B /* Products */;
			projectDirPath = "";
			projectRoot = "";
			targets = (
				183492C52291C493005F346B /* Untangler */,
			);
		};
/* End PBXProject section */

/* Begin PBXResourcesBuildPhase section */
		183492C42291C493005F346B /* Resources */ = {
			isa = PBXResourcesBuildPhase;
			buildActionMask = 2147483647;
			files = (
				183492D42291C494005F346B /* LaunchScreen.storyboard in Resources */,
				183492D12291C494005F346B /* Assets.xcassets in Resources */,
				183492CF2291C493005F346B /* Main.storyboard in Resources */,
			);
			runOnlyForDeploymentPostprocessing = 0;
		};
/* End PBXResourcesBuildPhase section */

/* Begin PBXSourcesBuildPhase section */
		183492C22291C493005F346B /* Sources */ = {
			isa = PBXSourcesBuildPhase;
			buildActionMask = 2147483647;
			files = (
				183492CC2291C493005F346B /* ViewController.swift in Sources */,
				183492DC2291C729005F346B /* ConnectionView.swift in Sources */,
				183492CA2291C493005F346B /* AppDelegate.swift in Sources */,
			);
			runOnlyForDeploymentPostprocessing = 0;
		};
/* End PBXSourcesBuildPhase section */

/* Begin PBXVariantGroup section */
		183492CD2291C493005F346B /* Main.storyboard */ = {
			isa = PBXVariantGroup;
			children = (
				183492CE2291C493005F346B /* Base */,
			);
			name = Main.storyboard;
			sourceTree = "<group>";
		};
		183492D22291C494005F346B /* LaunchScreen.storyboard */ = {
			isa = PBXVariantGroup;
			children = (
				183492D32291C494005F346B /* Base */,
			);
			name = LaunchScreen.storyboard;
			sourceTree = "<group>";
		};
/* End PBXVariantGroup section */

/* Begin XCBuildConfiguration section */
		183492D62291C494005F346B /* Debug */ = {
			isa = XCBuildConfiguration;
			buildSettings = {
				ALWAYS_SEARCH_USER_PATHS = NO;
				CLANG_ANALYZER_NONNULL = YES;
				CLANG_ANALYZER_NUMBER_OBJECT_CONVERSION = YES_AGGRESSIVE;
				CLANG_CXX_LANGUAGE_STANDARD = "gnu++14";
				CLANG_CXX_LIBRARY = "libc++";
				CLANG_ENABLE_MODULES = YES;
				CLANG_ENABLE_OBJC_ARC = YES;
				CLANG_ENABLE_OBJC_WEAK = YES;
				CLANG_WARN_BLOCK_CAPTURE_AUTORELEASING = YES;
				CLANG_WARN_BOOL_CONVERSION = YES;
				CLANG_WARN_COMMA = YES;
				CLANG_WARN_CONSTANT_CONVERSION = YES;
				CLANG_WARN_DEPRECATED_OBJC_IMPLEMENTATIONS = YES;
				CLANG_WARN_DIRECT_OBJC_ISA_USAGE = YES_ERROR;
				CLANG_WARN_DOCUMENTATION_COMMENTS = YES;
				CLANG_WARN_EMPTY_BODY = YES;
				CLANG_WARN_ENUM_CONVERSION = YES;
				CLANG_WARN_INFINITE_RECURSION = YES;
				CLANG_WARN_INT_CONVERSION = YES;
				CLANG_WARN_NON_LITERAL_NULL_CONVERSION = YES;
				CLANG_WARN_OBJC_IMPLICIT_RETAIN_SELF = YES;
				CLANG_WARN_OBJC_LITERAL_CONVERSION = YES;
				CLANG_WARN_OBJC_ROOT_CLASS = YES_ERROR;
				CLANG_WARN_RANGE_LOOP_ANALYSIS = YES;
				CLANG_WARN_STRICT_PROTOTYPES = YES;
				CLANG_WARN_SUSPICIOUS_MOVE = YES;
				CLANG_WARN_UNGUARDED_AVAILABILITY = YES_AGGRESSIVE;
				CLANG_WARN_UNREACHABLE_CODE = YES;
				CLANG_WARN__DUPLICATE_METHOD_MATCH = YES;
				CODE_SIGN_IDENTITY = "iPhone Developer";
				COPY_PHASE_STRIP = NO;
				DEBUG_INFORMATION_FORMAT = dwarf;
				ENABLE_STRICT_OBJC_MSGSEND = YES;
				ENABLE_TESTABILITY = YES;
				GCC_C_LANGUAGE_STANDARD = gnu11;
				GCC_DYNAMIC_NO_PIC = NO;
				GCC_NO_COMMON_BLOCKS = YES;
				GCC_OPTIMIZATION_LEVEL = 0;
				GCC_PREPROCESSOR_DEFINITIONS = (
					"DEBUG=1",
					"$(inherited)",
				);
				GCC_WARN_64_TO_32_BIT_CONVERSION = YES;
				GCC_WARN_ABOUT_RETURN_TYPE = YES_ERROR;
				GCC_WARN_UNDECLARED_SELECTOR = YES;
				GCC_WARN_UNINITIALIZED_AUTOS = YES_AGGRESSIVE;
				GCC_WARN_UNUSED_FUNCTION = YES;
				GCC_WARN_UNUSED_VARIABLE = YES;
				IPHONEOS_DEPLOYMENT_TARGET = 12.2;
				MTL_ENABLE_DEBUG_INFO = INCLUDE_SOURCE;
				MTL_FAST_MATH = YES;
				ONLY_ACTIVE_ARCH = YES;
				SDKROOT = iphoneos;
				SWIFT_ACTIVE_COMPILATION_CONDITIONS = DEBUG;
				SWIFT_OPTIMIZATION_LEVEL = "-Onone";
			};
			name = Debug;
		};
		183492D72291C494005F346B /* Release */ = {
			isa = XCBuildConfiguration;
			buildSettings = {
				ALWAYS_SEARCH_USER_PATHS = NO;
				CLANG_ANALYZER_NONNULL = YES;
				CLANG_ANALYZER_NUMBER_OBJECT_CONVERSION = YES_AGGRESSIVE;
				CLANG_CXX_LANGUAGE_STANDARD = "gnu++14";
				CLANG_CXX_LIBRARY = "libc++";
				CLANG_ENABLE_MODULES = YES;
				CLANG_ENABLE_OBJC_ARC = YES;
				CLANG_ENABLE_OBJC_WEAK = YES;
				CLANG_WARN_BLOCK_CAPTURE_AUTORELEASING = YES;
				CLANG_WARN_BOOL_CONVERSION = YES;
				CLANG_WARN_COMMA = YES;
				CLANG_WARN_CONSTANT_CONVERSION = YES;
				CLANG_WARN_DEPRECATED_OBJC_IMPLEMENTATIONS = YES;
				CLANG_WARN_DIRECT_OBJC_ISA_USAGE = YES_ERROR;
				CLANG_WARN_DOCUMENTATION_COMMENTS = YES;
				CLANG_WARN_EMPTY_BODY = YES;
				CLANG_WARN_ENUM_CONVERSION = YES;
				CLANG_WARN_INFINITE_RECURSION = YES;
				CLANG_WARN_INT_CONVERSION = YES;
				CLANG_WARN_NON_LITERAL_NULL_CONVERSION = YES;
				CLANG_WARN_OBJC_IMPLICIT_RETAIN_SELF = YES;
				CLANG_WARN_OBJC_LITERAL_CONVERSION = YES;
				CLANG_WARN_OBJC_ROOT_CLASS = YES_ERROR;
				CLANG_WARN_RANGE_LOOP_ANALYSIS = YES;
				CLANG_WARN_STRICT_PROTOTYPES = YES;
				CLANG_WARN_SUSPICIOUS_MOVE = YES;
				CLANG_WARN_UNGUARDED_AVAILABILITY = YES_AGGRESSIVE;
				CLANG_WARN_UNREACHABLE_CODE = YES;
				CLANG_WARN__DUPLICATE_METHOD_MATCH = YES;
				CODE_SIGN_IDENTITY = "iPhone Developer";
				COPY_PHASE_STRIP = NO;
				DEBUG_INFORMATION_FORMAT = "dwarf-with-dsym";
				ENABLE_NS_ASSERTIONS = NO;
				ENABLE_STRICT_OBJC_MSGSEND = YES;
				GCC_C_LANGUAGE_STANDARD = gnu11;
				GCC_NO_COMMON_BLOCKS = YES;
				GCC_WARN_64_TO_32_BIT_CONVERSION = YES;
				GCC_WARN_ABOUT_RETURN_TYPE = YES_ERROR;
				GCC_WARN_UNDECLARED_SELECTOR = YES;
				GCC_WARN_UNINITIALIZED_AUTOS = YES_AGGRESSIVE;
				GCC_WARN_UNUSED_FUNCTION = YES;
				GCC_WARN_UNUSED_VARIABLE = YES;
				IPHONEOS_DEPLOYMENT_TARGET = 12.2;
				MTL_ENABLE_DEBUG_INFO = NO;
				MTL_FAST_MATH = YES;
				SDKROOT = iphoneos;
				SWIFT_COMPILATION_MODE = wholemodule;
				SWIFT_OPTIMIZATION_LEVEL = "-O";
				VALIDATE_PRODUCT = YES;
			};
			name = Release;
		};
		183492D92291C494005F346B /* Debug */ = {
			isa = XCBuildConfiguration;
			buildSettings = {
				ASSETCATALOG_COMPILER_APPICON_NAME = AppIcon;
				CODE_SIGN_STYLE = Manual;
				DEVELOPMENT_TEAM = "";
				INFOPLIST_FILE = Untangler/Info.plist;
				LD_RUNPATH_SEARCH_PATHS = (
					"$(inherited)",
					"@executable_path/Frameworks",
				);
				PRODUCT_BUNDLE_IDENTIFIER = com.surakamy.Untangler;
				PRODUCT_NAME = "$(TARGET_NAME)";
				PROVISIONING_PROFILE_SPECIFIER = "";
				SWIFT_VERSION = 5.0;
				TARGETED_DEVICE_FAMILY = "1,2";
			};
			name = Debug;
		};
		183492DA2291C494005F346B /* Release */ = {
			isa = XCBuildConfiguration;
			buildSettings = {
				ASSETCATALOG_COMPILER_APPICON_NAME = AppIcon;
				CODE_SIGN_STYLE = Manual;
				DEVELOPMENT_TEAM = "";
				INFOPLIST_FILE = Untangler/Info.plist;
				LD_RUNPATH_SEARCH_PATHS = (
					"$(inherited)",
					"@executable_path/Frameworks",
				);
				PRODUCT_BUNDLE_IDENTIFIER = com.surakamy.Untangler;
				PRODUCT_NAME = "$(TARGET_NAME)";
				PROVISIONING_PROFILE_SPECIFIER = "";
				SWIFT_VERSION = 5.0;
				TARGETED_DEVICE_FAMILY = "1,2";
			};
			name = Release;
		};
/* End XCBuildConfiguration section */

/* Begin XCConfigurationList section */
		183492C12291C493005F346B /* Build configuration list for PBXProject "Untangler" */ = {
			isa = XCConfigurationList;
			buildConfigurations = (
				183492D62291C494005F346B /* Debug */,
				183492D72291C494005F346B /* Release */,
			);
			defaultConfigurationIsVisible = 0;
			defaultConfigurationName = Release;
		};
		183492D82291C494005F346B /* Build configuration list for PBXNativeTarget "Untangler" */ = {
			isa = XCConfigurationList;
			buildConfigurations = (
				183492D92291C494005F346B /* Debug */,
				183492DA2291C494005F346B /* Release */,
			);
			defaultConfigurationIsVisible = 0;
			defaultConfigurationName = Release;
		};
/* End XCConfigurationList section */
	};
	rootObject = 183492BE2291C493005F346B /* Project object */;
}
